// !$*UTF8*$!
{
	archiveVersion = 1;
	classes = {
	};
	objectVersion = 50;
	objects = {

/* Begin PBXBuildFile section */
		EF0DD7DE23053F5700F7E7CB /* AppDelegate.swift in Sources */ = {isa = PBXBuildFile; fileRef = EF0DD7DD23053F5700F7E7CB /* AppDelegate.swift */; };
		EF0DD7E323053F5700F7E7CB /* Main.storyboard in Resources */ = {isa = PBXBuildFile; fileRef = EF0DD7E123053F5700F7E7CB /* Main.storyboard */; };
		EF0DD7E623053F5700F7E7CB /* FishGame.xcdatamodeld in Sources */ = {isa = PBXBuildFile; fileRef = EF0DD7E423053F5700F7E7CB /* FishGame.xcdatamodeld */; };
		EF0DD7E823053F5900F7E7CB /* Assets.xcassets in Resources */ = {isa = PBXBuildFile; fileRef = EF0DD7E723053F5900F7E7CB /* Assets.xcassets */; };
		EF0DD7EB23053F5900F7E7CB /* LaunchScreen.storyboard in Resources */ = {isa = PBXBuildFile; fileRef = EF0DD7E923053F5900F7E7CB /* LaunchScreen.storyboard */; };
		EF0DD7F623053F5900F7E7CB /* FishGameTests.swift in Sources */ = {isa = PBXBuildFile; fileRef = EF0DD7F523053F5900F7E7CB /* FishGameTests.swift */; };
		EF0DD80123053F5900F7E7CB /* FishGameUITests.swift in Sources */ = {isa = PBXBuildFile; fileRef = EF0DD80023053F5900F7E7CB /* FishGameUITests.swift */; };
		EF0DD8112305412500F7E7CB /* FishOneViewController.swift in Sources */ = {isa = PBXBuildFile; fileRef = EF0DD8102305412500F7E7CB /* FishOneViewController.swift */; };
		EF0DD8182305441700F7E7CB /* Common.swift in Sources */ = {isa = PBXBuildFile; fileRef = EF0DD8172305441700F7E7CB /* Common.swift */; };
		EF0DD81C23054ED000F7E7CB /* UIDevice-Extension.swift in Sources */ = {isa = PBXBuildFile; fileRef = EF0DD81B23054ED000F7E7CB /* UIDevice-Extension.swift */; };
		EF9518DB2306348B00B676C9 /* FishTwoViewController.swift in Sources */ = {isa = PBXBuildFile; fileRef = EF9518DA2306348B00B676C9 /* FishTwoViewController.swift */; };
/* End PBXBuildFile section */

/* Begin PBXContainerItemProxy section */
		EF0DD7F223053F5900F7E7CB /* PBXContainerItemProxy */ = {
			isa = PBXContainerItemProxy;
			containerPortal = EF0DD7D223053F5600F7E7CB /* Project object */;
			proxyType = 1;
			remoteGlobalIDString = EF0DD7D923053F5700F7E7CB;
			remoteInfo = FishGame;
		};
		EF0DD7FD23053F5900F7E7CB /* PBXContainerItemProxy */ = {
			isa = PBXContainerItemProxy;
			containerPortal = EF0DD7D223053F5600F7E7CB /* Project object */;
			proxyType = 1;
			remoteGlobalIDString = EF0DD7D923053F5700F7E7CB;
			remoteInfo = FishGame;
		};
/* End PBXContainerItemProxy section */

/* Begin PBXFileReference section */
		EF0DD7DA23053F5700F7E7CB /* FishGame.app */ = {isa = PBXFileReference; explicitFileType = wrapper.application; includeInIndex = 0; path = FishGame.app; sourceTree = BUILT_PRODUCTS_DIR; };
		EF0DD7DD23053F5700F7E7CB /* AppDelegate.swift */ = {isa = PBXFileReference; lastKnownFileType = sourcecode.swift; path = AppDelegate.swift; sourceTree = "<group>"; };
		EF0DD7E223053F5700F7E7CB /* Base */ = {isa = PBXFileReference; lastKnownFileType = file.storyboard; name = Base; path = Base.lproj/Main.storyboard; sourceTree = "<group>"; };
		EF0DD7E523053F5700F7E7CB /* FishGame.xcdatamodel */ = {isa = PBXFileReference; lastKnownFileType = wrapper.xcdatamodel; path = FishGame.xcdatamodel; sourceTree = "<group>"; };
		EF0DD7E723053F5900F7E7CB /* Assets.xcassets */ = {isa = PBXFileReference; lastKnownFileType = folder.assetcatalog; path = Assets.xcassets; sourceTree = "<group>"; };
		EF0DD7EA23053F5900F7E7CB /* Base */ = {isa = PBXFileReference; lastKnownFileType = file.storyboard; name = Base; path = Base.lproj/LaunchScreen.storyboard; sourceTree = "<group>"; };
		EF0DD7EC23053F5900F7E7CB /* Info.plist */ = {isa = PBXFileReference; lastKnownFileType = text.plist.xml; path = Info.plist; sourceTree = "<group>"; };
		EF0DD7F123053F5900F7E7CB /* FishGameTests.xctest */ = {isa = PBXFileReference; explicitFileType = wrapper.cfbundle; includeInIndex = 0; path = FishGameTests.xctest; sourceTree = BUILT_PRODUCTS_DIR; };
		EF0DD7F523053F5900F7E7CB /* FishGameTests.swift */ = {isa = PBXFileReference; lastKnownFileType = sourcecode.swift; path = FishGameTests.swift; sourceTree = "<group>"; };
		EF0DD7F723053F5900F7E7CB /* Info.plist */ = {isa = PBXFileReference; lastKnownFileType = text.plist.xml; path = Info.plist; sourceTree = "<group>"; };
		EF0DD7FC23053F5900F7E7CB /* FishGameUITests.xctest */ = {isa = PBXFileReference; explicitFileType = wrapper.cfbundle; includeInIndex = 0; path = FishGameUITests.xctest; sourceTree = BUILT_PRODUCTS_DIR; };
		EF0DD80023053F5900F7E7CB /* FishGameUITests.swift */ = {isa = PBXFileReference; lastKnownFileType = sourcecode.swift; path = FishGameUITests.swift; sourceTree = "<group>"; };
		EF0DD80223053F5900F7E7CB /* Info.plist */ = {isa = PBXFileReference; lastKnownFileType = text.plist.xml; path = Info.plist; sourceTree = "<group>"; };
		EF0DD8102305412500F7E7CB /* FishOneViewController.swift */ = {isa = PBXFileReference; lastKnownFileType = sourcecode.swift; path = FishOneViewController.swift; sourceTree = "<group>"; };
		EF0DD8172305441700F7E7CB /* Common.swift */ = {isa = PBXFileReference; lastKnownFileType = sourcecode.swift; path = Common.swift; sourceTree = "<group>"; };
		EF0DD81B23054ED000F7E7CB /* UIDevice-Extension.swift */ = {isa = PBXFileReference; lastKnownFileType = sourcecode.swift; path = "UIDevice-Extension.swift"; sourceTree = "<group>"; };
		EF9518DA2306348B00B676C9 /* FishTwoViewController.swift */ = {isa = PBXFileReference; lastKnownFileType = sourcecode.swift; path = FishTwoViewController.swift; sourceTree = "<group>"; };
/* End PBXFileReference section */

/* Begin PBXFrameworksBuildPhase section */
		EF0DD7D723053F5700F7E7CB /* Frameworks */ = {
			isa = PBXFrameworksBuildPhase;
			buildActionMask = 2147483647;
			files = (
			);
			runOnlyForDeploymentPostprocessing = 0;
		};
		EF0DD7EE23053F5900F7E7CB /* Frameworks */ = {
			isa = PBXFrameworksBuildPhase;
			buildActionMask = 2147483647;
			files = (
			);
			runOnlyForDeploymentPostprocessing = 0;
		};
		EF0DD7F923053F5900F7E7CB /* Frameworks */ = {
			isa = PBXFrameworksBuildPhase;
			buildActionMask = 2147483647;
			files = (
			);
			runOnlyForDeploymentPostprocessing = 0;
		};
/* End PBXFrameworksBuildPhase section */

/* Begin PBXGroup section */
		EF0DD7D123053F5600F7E7CB = {
			isa = PBXGroup;
			children = (
				EF0DD7DC23053F5700F7E7CB /* FishGame */,
				EF0DD7F423053F5900F7E7CB /* FishGameTests */,
				EF0DD7FF23053F5900F7E7CB /* FishGameUITests */,
				EF0DD7DB23053F5700F7E7CB /* Products */,
			);
			sourceTree = "<group>";
		};
		EF0DD7DB23053F5700F7E7CB /* Products */ = {
			isa = PBXGroup;
			children = (
				EF0DD7DA23053F5700F7E7CB /* FishGame.app */,
				EF0DD7F123053F5900F7E7CB /* FishGameTests.xctest */,
				EF0DD7FC23053F5900F7E7CB /* FishGameUITests.xctest */,
			);
			name = Products;
			sourceTree = "<group>";
		};
		EF0DD7DC23053F5700F7E7CB /* FishGame */ = {
			isa = PBXGroup;
			children = (
				EF0DD8162305440700F7E7CB /* Tools */,
				EF0DD8122305416100F7E7CB /* Feed */,
				EF0DD7DD23053F5700F7E7CB /* AppDelegate.swift */,
				EF0DD7E123053F5700F7E7CB /* Main.storyboard */,
				EF0DD7E723053F5900F7E7CB /* Assets.xcassets */,
				EF0DD7E923053F5900F7E7CB /* LaunchScreen.storyboard */,
				EF0DD7EC23053F5900F7E7CB /* Info.plist */,
				EF0DD7E423053F5700F7E7CB /* FishGame.xcdatamodeld */,
			);
			path = FishGame;
			sourceTree = "<group>";
		};
		EF0DD7F423053F5900F7E7CB /* FishGameTests */ = {
			isa = PBXGroup;
			children = (
				EF0DD7F523053F5900F7E7CB /* FishGameTests.swift */,
				EF0DD7F723053F5900F7E7CB /* Info.plist */,
			);
			path = FishGameTests;
			sourceTree = "<group>";
		};
		EF0DD7FF23053F5900F7E7CB /* FishGameUITests */ = {
			isa = PBXGroup;
			children = (
				EF0DD80023053F5900F7E7CB /* FishGameUITests.swift */,
				EF0DD80223053F5900F7E7CB /* Info.plist */,
			);
			path = FishGameUITests;
			sourceTree = "<group>";
		};
		EF0DD8122305416100F7E7CB /* Feed */ = {
			isa = PBXGroup;
			children = (
				EF0DD8152305418E00F7E7CB /* Controller */,
				EF0DD8142305418800F7E7CB /* View */,
				EF0DD8132305417E00F7E7CB /* Model */,
			);
			path = Feed;
			sourceTree = "<group>";
		};
		EF0DD8132305417E00F7E7CB /* Model */ = {
			isa = PBXGroup;
			children = (
			);
			path = Model;
			sourceTree = "<group>";
		};
		EF0DD8142305418800F7E7CB /* View */ = {
			isa = PBXGroup;
			children = (
			);
			path = View;
			sourceTree = "<group>";
		};
		EF0DD8152305418E00F7E7CB /* Controller */ = {
			isa = PBXGroup;
			children = (
				EF0DD8102305412500F7E7CB /* FishOneViewController.swift */,
				EF9518DA2306348B00B676C9 /* FishTwoViewController.swift */,
			);
			path = Controller;
			sourceTree = "<group>";
		};
		EF0DD8162305440700F7E7CB /* Tools */ = {
			isa = PBXGroup;
			children = (
				EF0DD8172305441700F7E7CB /* Common.swift */,
				EF0DD81B23054ED000F7E7CB /* UIDevice-Extension.swift */,
			);
			path = Tools;
			sourceTree = "<group>";
		};
/* End PBXGroup section */

/* Begin PBXNativeTarget section */
		EF0DD7D923053F5700F7E7CB /* FishGame */ = {
			isa = PBXNativeTarget;
			buildConfigurationList = EF0DD80523053F5900F7E7CB /* Build configuration list for PBXNativeTarget "FishGame" */;
			buildPhases = (
				EF0DD7D623053F5700F7E7CB /* Sources */,
				EF0DD7D723053F5700F7E7CB /* Frameworks */,
				EF0DD7D823053F5700F7E7CB /* Resources */,
			);
			buildRules = (
			);
			dependencies = (
			);
			name = FishGame;
			productName = FishGame;
			productReference = EF0DD7DA23053F5700F7E7CB /* FishGame.app */;
			productType = "com.apple.product-type.application";
		};
		EF0DD7F023053F5900F7E7CB /* FishGameTests */ = {
			isa = PBXNativeTarget;
			buildConfigurationList = EF0DD80823053F5900F7E7CB /* Build configuration list for PBXNativeTarget "FishGameTests" */;
			buildPhases = (
				EF0DD7ED23053F5900F7E7CB /* Sources */,
				EF0DD7EE23053F5900F7E7CB /* Frameworks */,
				EF0DD7EF23053F5900F7E7CB /* Resources */,
			);
			buildRules = (
			);
			dependencies = (
				EF0DD7F323053F5900F7E7CB /* PBXTargetDependency */,
			);
			name = FishGameTests;
			productName = FishGameTests;
			productReference = EF0DD7F123053F5900F7E7CB /* FishGameTests.xctest */;
			productType = "com.apple.product-type.bundle.unit-test";
		};
		EF0DD7FB23053F5900F7E7CB /* FishGameUITests */ = {
			isa = PBXNativeTarget;
			buildConfigurationList = EF0DD80B23053F5900F7E7CB /* Build configuration list for PBXNativeTarget "FishGameUITests" */;
			buildPhases = (
				EF0DD7F823053F5900F7E7CB /* Sources */,
				EF0DD7F923053F5900F7E7CB /* Frameworks */,
				EF0DD7FA23053F5900F7E7CB /* Resources */,
			);
			buildRules = (
			);
			dependencies = (
				EF0DD7FE23053F5900F7E7CB /* PBXTargetDependency */,
			);
			name = FishGameUITests;
			productName = FishGameUITests;
			productReference = EF0DD7FC23053F5900F7E7CB /* FishGameUITests.xctest */;
			productType = "com.apple.product-type.bundle.ui-testing";
		};
/* End PBXNativeTarget section */

/* Begin PBXProject section */
		EF0DD7D223053F5600F7E7CB /* Project object */ = {
			isa = PBXProject;
			attributes = {
				LastSwiftUpdateCheck = 1020;
				LastUpgradeCheck = 1020;
				ORGANIZATIONNAME = "https://github.com/tongyangsheng";
				TargetAttributes = {
					EF0DD7D923053F5700F7E7CB = {
						CreatedOnToolsVersion = 10.2.1;
					};
					EF0DD7F023053F5900F7E7CB = {
						CreatedOnToolsVersion = 10.2.1;
						TestTargetID = EF0DD7D923053F5700F7E7CB;
					};
					EF0DD7FB23053F5900F7E7CB = {
						CreatedOnToolsVersion = 10.2.1;
						TestTargetID = EF0DD7D923053F5700F7E7CB;
					};
				};
			};
			buildConfigurationList = EF0DD7D523053F5600F7E7CB /* Build configuration list for PBXProject "FishGame" */;
			compatibilityVersion = "Xcode 9.3";
			developmentRegion = en;
			hasScannedForEncodings = 0;
			knownRegions = (
				en,
				Base,
			);
			mainGroup = EF0DD7D123053F5600F7E7CB;
			productRefGroup = EF0DD7DB23053F5700F7E7CB /* Products */;
			projectDirPath = "";
			projectRoot = "";
			targets = (
				EF0DD7D923053F5700F7E7CB /* FishGame */,
				EF0DD7F023053F5900F7E7CB /* FishGameTests */,
				EF0DD7FB23053F5900F7E7CB /* FishGameUITests */,
			);
		};
/* End PBXProject section */

/* Begin PBXResourcesBuildPhase section */
		EF0DD7D823053F5700F7E7CB /* Resources */ = {
			isa = PBXResourcesBuildPhase;
			buildActionMask = 2147483647;
			files = (
				EF0DD7EB23053F5900F7E7CB /* LaunchScreen.storyboard in Resources */,
				EF0DD7E823053F5900F7E7CB /* Assets.xcassets in Resources */,
				EF0DD7E323053F5700F7E7CB /* Main.storyboard in Resources */,
			);
			runOnlyForDeploymentPostprocessing = 0;
		};
		EF0DD7EF23053F5900F7E7CB /* Resources */ = {
			isa = PBXResourcesBuildPhase;
			buildActionMask = 2147483647;
			files = (
			);
			runOnlyForDeploymentPostprocessing = 0;
		};
		EF0DD7FA23053F5900F7E7CB /* Resources */ = {
			isa = PBXResourcesBuildPhase;
			buildActionMask = 2147483647;
			files = (
			);
			runOnlyForDeploymentPostprocessing = 0;
		};
/* End PBXResourcesBuildPhase section */

/* Begin PBXSourcesBuildPhase section */
		EF0DD7D623053F5700F7E7CB /* Sources */ = {
			isa = PBXSourcesBuildPhase;
			buildActionMask = 2147483647;
			files = (
				EF0DD8182305441700F7E7CB /* Common.swift in Sources */,
				EF9518DB2306348B00B676C9 /* FishTwoViewController.swift in Sources */,
				EF0DD7E623053F5700F7E7CB /* FishGame.xcdatamodeld in Sources */,
				EF0DD7DE23053F5700F7E7CB /* AppDelegate.swift in Sources */,
				EF0DD81C23054ED000F7E7CB /* UIDevice-Extension.swift in Sources */,
				EF0DD8112305412500F7E7CB /* FishOneViewController.swift in Sources */,
			);
			runOnlyForDeploymentPostprocessing = 0;
		};
		EF0DD7ED23053F5900F7E7CB /* Sources */ = {
			isa = PBXSourcesBuildPhase;
			buildActionMask = 2147483647;
			files = (
				EF0DD7F623053F5900F7E7CB /* FishGameTests.swift in Sources */,
			);
			runOnlyForDeploymentPostprocessing = 0;
		};
		EF0DD7F823053F5900F7E7CB /* Sources */ = {
			isa = PBXSourcesBuildPhase;
			buildActionMask = 2147483647;
			files = (
				EF0DD80123053F5900F7E7CB /* FishGameUITests.swift in Sources */,
			);
			runOnlyForDeploymentPostprocessing = 0;
		};
/* End PBXSourcesBuildPhase section */

/* Begin PBXTargetDependency section */
		EF0DD7F323053F5900F7E7CB /* PBXTargetDependency */ = {
			isa = PBXTargetDependency;
			target = EF0DD7D923053F5700F7E7CB /* FishGame */;
			targetProxy = EF0DD7F223053F5900F7E7CB /* PBXContainerItemProxy */;
		};
		EF0DD7FE23053F5900F7E7CB /* PBXTargetDependency */ = {
			isa = PBXTargetDependency;
			target = EF0DD7D923053F5700F7E7CB /* FishGame */;
			targetProxy = EF0DD7FD23053F5900F7E7CB /* PBXContainerItemProxy */;
		};
/* End PBXTargetDependency section */

/* Begin PBXVariantGroup section */
		EF0DD7E123053F5700F7E7CB /* Main.storyboard */ = {
			isa = PBXVariantGroup;
			children = (
				EF0DD7E223053F5700F7E7CB /* Base */,
			);
			name = Main.storyboard;
			sourceTree = "<group>";
		};
		EF0DD7E923053F5900F7E7CB /* LaunchScreen.storyboard */ = {
			isa = PBXVariantGroup;
			children = (
				EF0DD7EA23053F5900F7E7CB /* Base */,
			);
			name = LaunchScreen.storyboard;
			sourceTree = "<group>";
		};
/* End PBXVariantGroup section */

/* Begin XCBuildConfiguration section */
		EF0DD80323053F5900F7E7CB /* Debug */ = {
			isa = XCBuildConfiguration;
			buildSettings = {
				ALWAYS_SEARCH_USER_PATHS = NO;
				CLANG_ANALYZER_NONNULL = YES;
				CLANG_ANALYZER_NUMBER_OBJECT_CONVERSION = YES_AGGRESSIVE;
				CLANG_CXX_LANGUAGE_STANDARD = "gnu++14";
				CLANG_CXX_LIBRARY = "libc++";
				CLANG_ENABLE_MODULES = YES;
				CLANG_ENABLE_OBJC_ARC = YES;
				CLANG_ENABLE_OBJC_WEAK = YES;
				CLANG_WARN_BLOCK_CAPTURE_AUTORELEASING = YES;
				CLANG_WARN_BOOL_CONVERSION = YES;
				CLANG_WARN_COMMA = YES;
				CLANG_WARN_CONSTANT_CONVERSION = YES;
				CLANG_WARN_DEPRECATED_OBJC_IMPLEMENTATIONS = YES;
				CLANG_WARN_DIRECT_OBJC_ISA_USAGE = YES_ERROR;
				CLANG_WARN_DOCUMENTATION_COMMENTS = YES;
				CLANG_WARN_EMPTY_BODY = YES;
				CLANG_WARN_ENUM_CONVERSION = YES;
				CLANG_WARN_INFINITE_RECURSION = YES;
				CLANG_WARN_INT_CONVERSION = YES;
				CLANG_WARN_NON_LITERAL_NULL_CONVERSION = YES;
				CLANG_WARN_OBJC_IMPLICIT_RETAIN_SELF = YES;
				CLANG_WARN_OBJC_LITERAL_CONVERSION = YES;
				CLANG_WARN_OBJC_ROOT_CLASS = YES_ERROR;
				CLANG_WARN_RANGE_LOOP_ANALYSIS = YES;
				CLANG_WARN_STRICT_PROTOTYPES = YES;
				CLANG_WARN_SUSPICIOUS_MOVE = YES;
				CLANG_WARN_UNGUARDED_AVAILABILITY = YES_AGGRESSIVE;
				CLANG_WARN_UNREACHABLE_CODE = YES;
				CLANG_WARN__DUPLICATE_METHOD_MATCH = YES;
				CODE_SIGN_IDENTITY = "iPhone Developer";
				COPY_PHASE_STRIP = NO;
				DEBUG_INFORMATION_FORMAT = dwarf;
				ENABLE_STRICT_OBJC_MSGSEND = YES;
				ENABLE_TESTABILITY = YES;
				GCC_C_LANGUAGE_STANDARD = gnu11;
				GCC_DYNAMIC_NO_PIC = NO;
				GCC_NO_COMMON_BLOCKS = YES;
				GCC_OPTIMIZATION_LEVEL = 0;
				GCC_PREPROCESSOR_DEFINITIONS = (
					"DEBUG=1",
					"$(inherited)",
				);
				GCC_WARN_64_TO_32_BIT_CONVERSION = YES;
				GCC_WARN_ABOUT_RETURN_TYPE = YES_ERROR;
				GCC_WARN_UNDECLARED_SELECTOR = YES;
				GCC_WARN_UNINITIALIZED_AUTOS = YES_AGGRESSIVE;
				GCC_WARN_UNUSED_FUNCTION = YES;
				GCC_WARN_UNUSED_VARIABLE = YES;
				IPHONEOS_DEPLOYMENT_TARGET = 12.2;
				MTL_ENABLE_DEBUG_INFO = INCLUDE_SOURCE;
				MTL_FAST_MATH = YES;
				ONLY_ACTIVE_ARCH = YES;
				SDKROOT = iphoneos;
				SWIFT_ACTIVE_COMPILATION_CONDITIONS = DEBUG;
				SWIFT_OPTIMIZATION_LEVEL = "-Onone";
			};
			name = Debug;
		};
		EF0DD80423053F5900F7E7CB /* Release */ = {
			isa = XCBuildConfiguration;
			buildSettings = {
				ALWAYS_SEARCH_USER_PATHS = NO;
				CLANG_ANALYZER_NONNULL = YES;
				CLANG_ANALYZER_NUMBER_OBJECT_CONVERSION = YES_AGGRESSIVE;
				CLANG_CXX_LANGUAGE_STANDARD = "gnu++14";
				CLANG_CXX_LIBRARY = "libc++";
				CLANG_ENABLE_MODULES = YES;
				CLANG_ENABLE_OBJC_ARC = YES;
				CLANG_ENABLE_OBJC_WEAK = YES;
				CLANG_WARN_BLOCK_CAPTURE_AUTORELEASING = YES;
				CLANG_WARN_BOOL_CONVERSION = YES;
				CLANG_WARN_COMMA = YES;
				CLANG_WARN_CONSTANT_CONVERSION = YES;
				CLANG_WARN_DEPRECATED_OBJC_IMPLEMENTATIONS = YES;
				CLANG_WARN_DIRECT_OBJC_ISA_USAGE = YES_ERROR;
				CLANG_WARN_DOCUMENTATION_COMMENTS = YES;
				CLANG_WARN_EMPTY_BODY = YES;
				CLANG_WARN_ENUM_CONVERSION = YES;
				CLANG_WARN_INFINITE_RECURSION = YES;
				CLANG_WARN_INT_CONVERSION = YES;
				CLANG_WARN_NON_LITERAL_NULL_CONVERSION = YES;
				CLANG_WARN_OBJC_IMPLICIT_RETAIN_SELF = YES;
				CLANG_WARN_OBJC_LITERAL_CONVERSION = YES;
				CLANG_WARN_OBJC_ROOT_CLASS = YES_ERROR;
				CLANG_WARN_RANGE_LOOP_ANALYSIS = YES;
				CLANG_WARN_STRICT_PROTOTYPES = YES;
				CLANG_WARN_SUSPICIOUS_MOVE = YES;
				CLANG_WARN_UNGUARDED_AVAILABILITY = YES_AGGRESSIVE;
				CLANG_WARN_UNREACHABLE_CODE = YES;
				CLANG_WARN__DUPLICATE_METHOD_MATCH = YES;
				CODE_SIGN_IDENTITY = "iPhone Developer";
				COPY_PHASE_STRIP = NO;
				DEBUG_INFORMATION_FORMAT = "dwarf-with-dsym";
				ENABLE_NS_ASSERTIONS = NO;
				ENABLE_STRICT_OBJC_MSGSEND = YES;
				GCC_C_LANGUAGE_STANDARD = gnu11;
				GCC_NO_COMMON_BLOCKS = YES;
				GCC_WARN_64_TO_32_BIT_CONVERSION = YES;
				GCC_WARN_ABOUT_RETURN_TYPE = YES_ERROR;
				GCC_WARN_UNDECLARED_SELECTOR = YES;
				GCC_WARN_UNINITIALIZED_AUTOS = YES_AGGRESSIVE;
				GCC_WARN_UNUSED_FUNCTION = YES;
				GCC_WARN_UNUSED_VARIABLE = YES;
				IPHONEOS_DEPLOYMENT_TARGET = 12.2;
				MTL_ENABLE_DEBUG_INFO = NO;
				MTL_FAST_MATH = YES;
				SDKROOT = iphoneos;
				SWIFT_COMPILATION_MODE = wholemodule;
				SWIFT_OPTIMIZATION_LEVEL = "-O";
				VALIDATE_PRODUCT = YES;
			};
			name = Release;
		};
		EF0DD80623053F5900F7E7CB /* Debug */ = {
			isa = XCBuildConfiguration;
			buildSettings = {
				ASSETCATALOG_COMPILER_APPICON_NAME = AppIcon;
				CODE_SIGN_STYLE = Automatic;
				DEVELOPMENT_TEAM = G46XP9877A;
				INFOPLIST_FILE = FishGame/Info.plist;
				LD_RUNPATH_SEARCH_PATHS = (
					"$(inherited)",
					"@executable_path/Frameworks",
				);
				PRODUCT_BUNDLE_IDENTIFIER = com.yangsheng.FishGame;
				PRODUCT_NAME = "$(TARGET_NAME)";
				SWIFT_VERSION = 5.0;
				TARGETED_DEVICE_FAMILY = "1,2";
			};
			name = Debug;
		};
		EF0DD80723053F5900F7E7CB /* Release */ = {
			isa = XCBuildConfiguration;
			buildSettings = {
				ASSETCATALOG_COMPILER_APPICON_NAME = AppIcon;
				CODE_SIGN_STYLE = Automatic;
				DEVELOPMENT_TEAM = G46XP9877A;
				INFOPLIST_FILE = FishGame/Info.plist;
				LD_RUNPATH_SEARCH_PATHS = (
					"$(inherited)",
					"@executable_path/Frameworks",
				);
				PRODUCT_BUNDLE_IDENTIFIER = com.yangsheng.FishGame;
				PRODUCT_NAME = "$(TARGET_NAME)";
				SWIFT_VERSION = 5.0;
				TARGETED_DEVICE_FAMILY = "1,2";
			};
			name = Release;
		};
		EF0DD80923053F5900F7E7CB /* Debug */ = {
			isa = XCBuildConfiguration;
			buildSettings = {
				ALWAYS_EMBED_SWIFT_STANDARD_LIBRARIES = YES;
				BUNDLE_LOADER = "$(TEST_HOST)";
				CODE_SIGN_STYLE = Automatic;
				DEVELOPMENT_TEAM = G46XP9877A;
				INFOPLIST_FILE = FishGameTests/Info.plist;
				LD_RUNPATH_SEARCH_PATHS = (
					"$(inherited)",
					"@executable_path/Frameworks",
					"@loader_path/Frameworks",
				);
				PRODUCT_BUNDLE_IDENTIFIER = com.yangsheng.FishGameTests;
				PRODUCT_NAME = "$(TARGET_NAME)";
				SWIFT_VERSION = 5.0;
				TARGETED_DEVICE_FAMILY = "1,2";
				TEST_HOST = "$(BUILT_PRODUCTS_DIR)/FishGame.app/FishGame";
			};
			name = Debug;
		};
		EF0DD80A23053F5900F7E7CB /* Release */ = {
			isa = XCBuildConfiguration;
			buildSettings = {
				ALWAYS_EMBED_SWIFT_STANDARD_LIBRARIES = YES;
				BUNDLE_LOADER = "$(TEST_HOST)";
				CODE_SIGN_STYLE = Automatic;
				DEVELOPMENT_TEAM = G46XP9877A;
				INFOPLIST_FILE = FishGameTests/Info.plist;
				LD_RUNPATH_SEARCH_PATHS = (
					"$(inherited)",
					"@executable_path/Frameworks",
					"@loader_path/Frameworks",
				);
				PRODUCT_BUNDLE_IDENTIFIER = com.yangsheng.FishGameTests;
				PRODUCT_NAME = "$(TARGET_NAME)";
				SWIFT_VERSION = 5.0;
				TARGETED_DEVICE_FAMILY = "1,2";
				TEST_HOST = "$(BUILT_PRODUCTS_DIR)/FishGame.app/FishGame";
			};
			name = Release;
		};
		EF0DD80C23053F5900F7E7CB /* Debug */ = {
			isa = XCBuildConfiguration;
			buildSettings = {
				ALWAYS_EMBED_SWIFT_STANDARD_LIBRARIES = YES;
				CODE_SIGN_STYLE = Automatic;
				DEVELOPMENT_TEAM = G46XP9877A;
				INFOPLIST_FILE = FishGameUITests/Info.plist;
				LD_RUNPATH_SEARCH_PATHS = (
					"$(inherited)",
					"@executable_path/Frameworks",
					"@loader_path/Frameworks",
				);
				PRODUCT_BUNDLE_IDENTIFIER = com.yangsheng.FishGameUITests;
				PRODUCT_NAME = "$(TARGET_NAME)";
				SWIFT_VERSION = 5.0;
				TARGETED_DEVICE_FAMILY = "1,2";
				TEST_TARGET_NAME = FishGame;
			};
			name = Debug;
		};
		EF0DD80D23053F5900F7E7CB /* Release */ = {
			isa = XCBuildConfiguration;
			buildSettings = {
				ALWAYS_EMBED_SWIFT_STANDARD_LIBRARIES = YES;
				CODE_SIGN_STYLE = Automatic;
				DEVELOPMENT_TEAM = G46XP9877A;
				INFOPLIST_FILE = FishGameUITests/Info.plist;
				LD_RUNPATH_SEARCH_PATHS = (
					"$(inherited)",
					"@executable_path/Frameworks",
					"@loader_path/Frameworks",
				);
				PRODUCT_BUNDLE_IDENTIFIER = com.yangsheng.FishGameUITests;
				PRODUCT_NAME = "$(TARGET_NAME)";
				SWIFT_VERSION = 5.0;
				TARGETED_DEVICE_FAMILY = "1,2";
				TEST_TARGET_NAME = FishGame;
			};
			name = Release;
		};
/* End XCBuildConfiguration section */

/* Begin XCConfigurationList section */
		EF0DD7D523053F5600F7E7CB /* Build configuration list for PBXProject "FishGame" */ = {
			isa = XCConfigurationList;
			buildConfigurations = (
				EF0DD80323053F5900F7E7CB /* Debug */,
				EF0DD80423053F5900F7E7CB /* Release */,
			);
			defaultConfigurationIsVisible = 0;
			defaultConfigurationName = Release;
		};
		EF0DD80523053F5900F7E7CB /* Build configuration list for PBXNativeTarget "FishGame" */ = {
			isa = XCConfigurationList;
			buildConfigurations = (
				EF0DD80623053F5900F7E7CB /* Debug */,
				EF0DD80723053F5900F7E7CB /* Release */,
			);
			defaultConfigurationIsVisible = 0;
			defaultConfigurationName = Release;
		};
		EF0DD80823053F5900F7E7CB /* Build configuration list for PBXNativeTarget "FishGameTests" */ = {
			isa = XCConfigurationList;
			buildConfigurations = (
				EF0DD80923053F5900F7E7CB /* Debug */,
				EF0DD80A23053F5900F7E7CB /* Release */,
			);
			defaultConfigurationIsVisible = 0;
			defaultConfigurationName = Release;
		};
		EF0DD80B23053F5900F7E7CB /* Build configuration list for PBXNativeTarget "FishGameUITests" */ = {
			isa = XCConfigurationList;
			buildConfigurations = (
				EF0DD80C23053F5900F7E7CB /* Debug */,
				EF0DD80D23053F5900F7E7CB /* Release */,
			);
			defaultConfigurationIsVisible = 0;
			defaultConfigurationName = Release;
		};
/* End XCConfigurationList section */

/* Begin XCVersionGroup section */
		EF0DD7E423053F5700F7E7CB /* FishGame.xcdatamodeld */ = {
			isa = XCVersionGroup;
			children = (
				EF0DD7E523053F5700F7E7CB /* FishGame.xcdatamodel */,
			);
			currentVersion = EF0DD7E523053F5700F7E7CB /* FishGame.xcdatamodel */;
			path = FishGame.xcdatamodeld;
			sourceTree = "<group>";
			versionGroupType = wrapper.xcdatamodel;
		};
/* End XCVersionGroup section */
	};
	rootObject = EF0DD7D223053F5600F7E7CB /* Project object */;
}
